
Microsoft Visual Studio Solution File, Format Version 12.00
# Visual Studio Version 17
VisualStudioVersion = 17.9.34728.123
MinimumVisualStudioVersion = 10.0.40219.1
Project("{FAE04EC0-301F-11D3-BF4B-00C04F79EFBC}") = "Prism.API", "Prism.API\Prism.API.csproj", "{86800889-A82C-4B71-A406-C62D69F8A1F3}"
EndProject
Project("{FAE04EC0-301F-11D3-BF4B-00C04F79EFBC}") = "Prism.Domain", "Prism.Domain\Prism.Domain.csproj", "{33328A0D-0354-44A9-A8B6-A2AA7488CC05}"
EndProject
Project("{FAE04EC0-301F-11D3-BF4B-00C04F79EFBC}") = "Prism.Application", "Prism.Application\Prism.Application.csproj", "{449EDE3A-3CB6-4322-B9AA-13E167DE9814}"
EndProject
Project("{FAE04EC0-301F-11D3-BF4B-00C04F79EFBC}") = "Prism.Infrastructure", "Prism.Infrastructure\Prism.Infrastructure.csproj", "{D2FB70D5-79ED-4180-94DC-81BC8432F866}"
EndProject
Global
	GlobalSection(SolutionConfigurationPlatforms) = preSolution
		Debug|Any CPU = Debug|Any CPU
		Release|Any CPU = Release|Any CPU
	EndGlobalSection
	GlobalSection(ProjectConfigurationPlatforms) = postSolution
		{86800889-A82C-4B71-A406-C62D69F8A1F3}.Debug|Any CPU.ActiveCfg = Debug|Any CPU
		{86800889-A82C-4B71-A406-C62D69F8A1F3}.Debug|Any CPU.Build.0 = Debug|Any CPU
		{86800889-A82C-4B71-A406-C62D69F8A1F3}.Release|Any CPU.ActiveCfg = Release|Any CPU
		{86800889-A82C-4B71-A406-C62D69F8A1F3}.Release|Any CPU.Build.0 = Release|Any CPU
		{33328A0D-0354-44A9-A8B6-A2AA7488CC05}.Debug|Any CPU.ActiveCfg = Debug|Any CPU
		{33328A0D-0354-44A9-A8B6-A2AA7488CC05}.Debug|Any CPU.Build.0 = Debug|Any CPU
		{33328A0D-0354-44A9-A8B6-A2AA7488CC05}.Release|Any CPU.ActiveCfg = Release|Any CPU
		{33328A0D-0354-44A9-A8B6-A2AA7488CC05}.Release|Any CPU.Build.0 = Release|Any CPU
		{449EDE3A-3CB6-4322-B9AA-13E167DE9814}.Debug|Any CPU.ActiveCfg = Debug|Any CPU
		{449EDE3A-3CB6-4322-B9AA-13E167DE9814}.Debug|Any CPU.Build.0 = Debug|Any CPU
		{449EDE3A-3CB6-4322-B9AA-13E167DE9814}.Release|Any CPU.ActiveCfg = Release|Any CPU
		{449EDE3A-3CB6-4322-B9AA-13E167DE9814}.Release|Any CPU.Build.0 = Release|Any CPU
		{D2FB70D5-79ED-4180-94DC-81BC8432F866}.Debug|Any CPU.ActiveCfg = Debug|Any CPU
		{D2FB70D5-79ED-4180-94DC-81BC8432F866}.Debug|Any CPU.Build.0 = Debug|Any CPU
		{D2FB70D5-79ED-4180-94DC-81BC8432F866}.Release|Any CPU.ActiveCfg = Release|Any CPU
		{D2FB70D5-79ED-4180-94DC-81BC8432F866}.Release|Any CPU.Build.0 = Release|Any CPU
	EndGlobalSection
	GlobalSection(SolutionProperties) = preSolution
		HideSolutionNode = FALSE
	EndGlobalSection
	GlobalSection(ExtensibilityGlobals) = postSolution
		SolutionGuid = {6488F1E3-2D08-4176-842C-ED03757117ED}
	EndGlobalSection
EndGlobal
